
Microsoft Visual Studio Solution File, Format Version 12.00
# Visual Studio Version 17
VisualStudioVersion = 17.1.32421.90
MinimumVisualStudioVersion = 10.0.40219.1
Project("{FAE04EC0-301F-11D3-BF4B-00C04F79EFBC}") = "Bachelor Thesis", "Bachelor Thesis\Bachelor Thesis.csproj", "{B76D19EA-0632-421E-A6FB-1EF40BEE4A61}"
EndProject
Global
	GlobalSection(SolutionConfigurationPlatforms) = preSolution
		Debug|Any CPU = Debug|Any CPU
		Release|Any CPU = Release|Any CPU
	EndGlobalSection
	GlobalSection(ProjectConfigurationPlatforms) = postSolution
		{B76D19EA-0632-421E-A6FB-1EF40BEE4A61}.Debug|Any CPU.ActiveCfg = Debug|Any CPU
		{B76D19EA-0632-421E-A6FB-1EF40BEE4A61}.Debug|Any CPU.Build.0 = Debug|Any CPU
		{B76D19EA-0632-421E-A6FB-1EF40BEE4A61}.Release|Any CPU.ActiveCfg = Release|Any CPU
		{B76D19EA-0632-421E-A6FB-1EF40BEE4A61}.Release|Any CPU.Build.0 = Release|Any CPU
	EndGlobalSection
	GlobalSection(SolutionProperties) = preSolution
		HideSolutionNode = FALSE
	EndGlobalSection
	GlobalSection(ExtensibilityGlobals) = postSolution
		SolutionGuid = {87B46A0D-B4D1-4520-A8AB-6EB8C37A0761}
	EndGlobalSection
EndGlobal
